version = 1
revision = 3
requires-python = ">=3.11"

[[package]]
name = "anyio"
version = "4.13.0"
source = { registry = "https://pypi.org/simple" }
dependencies = [
    { name = "idna" },
    { name = "typing-extensions", marker = "python_full_version < '3.13'" },
]
sdist = { url = "https://files.pythonhosted.org/packages/19/14/2c5dd9f512b66549ae92767a9c7b330ae88e1932ca57876909410251fe13/anyio-4.13.0.tar.gz", hash = "sha256:334b70e641fd2221c1505b3890c69882fe4a2df910cba14d97019b90b24439dc", size = 231622, upload-time = "2026-03-24T12:59:09.671Z" }
wheels = [
    { url = "https://files.pythonhosted.org/packages/da/42/e921fccf5015463e32a3cf6ee7f980a6ed0f395ceeaa45060b61d86486c2/anyio-4.13.0-py3-none-any.whl", hash = "sha256:08b310f9e24a9594186fd75b4f73f4a4152069e3853f1ed8bfbf58369f4ad708", size = 114353, upload-time = "2026-03-24T12:59:08.246Z" },
]

[[package]]
name = "certifi"
version = "2026.4.22"
source = { registry = "https://pypi.org/simple" }
sdist = { url = "https://files.pythonhosted.org/packages/25/ee/6caf7a40c36a1220410afe15a1cc64993a1f864871f698c0f93acb72842a/certifi-2026.4.22.tar.gz", hash = "sha256:8d455352a37b71bf76a79caa83a3d6c25afee4a385d632127b6afb3963f1c580", size = 137077, upload-time = "2026-04-22T11:26:11.191Z" }
wheels = [
    { url = "https://files.pythonhosted.org/packages/22/30/7cd8fdcdfbc5b869528b079bfb76dcdf6056b1a2097a662e5e8c04f42965/certifi-2026.4.22-py3-none-any.whl", hash = "sha256:3cb2210c8f88ba2318d29b0388d1023c8492ff72ecdde4ebdaddbb13a31b1c4a", size = 135707, upload-time = "2026-04-22T11:26:09.372Z" },
]

[[package]]
name = "colorama"
version = "0.4.6"
source = { registry = "https://pypi.org/simple" }
sdist = { url = "https://files.pythonhosted.org/packages/d8/53/6f443c9a4a8358a93a6792e2acffb9d9d5cb0a5cfd8802644b7b1c9a02e4/colorama-0.4.6.tar.gz", hash = "sha256:08695f5cb7ed6e0531a20572697297273c47b8cae5a63ffc6d6ed5c201be6e44", size = 27697, upload-time = "2022-10-25T02:36:22.414Z" }
wheels = [
    { url = "https://files.pythonhosted.org/packages/d1/d6/3965ed04c63042e047cb6a3e6ed1a63a35087b6a609aa3a15ed8ac56c221/colorama-0.4.6-py2.py3-none-any.whl", hash = "sha256:4f1d9991f5acc0ca119f9d443620b77f9d6b33703e51011c16baf57afb285fc6", size = 25335, upload-time = "2022-10-25T02:36:20.889Z" },
]

[[package]]
name = "h11"
version = "0.16.0"
source = { registry = "https://pypi.org/simple" }
sdist = { url = "https://files.pythonhosted.org/packages/01/ee/02a2c011bdab74c6fb3c75474d40b3052059d95df7e73351460c8588d963/h11-0.16.0.tar.gz", hash = "sha256:4e35b956cf45792e4caa5885e69fba00bdbc6ffafbfa020300e549b208ee5ff1", size = 101250, upload-time = "2025-04-24T03:35:25.427Z" }
wheels = [
    { url = "https://files.pythonhosted.org/packages/04/4b/29cac41a4d98d144bf5f6d33995617b185d14b22401f75ca86f384e87ff1/h11-0.16.0-py3-none-any.whl", hash = "sha256:63cf8bbe7522de3bf65932fda1d9c2772064ffb3dae62d55932da54b31cb6c86", size = 37515, upload-time = "2025-04-24T03:35:24.344Z" },
]

[[package]]
name = "httpcore"
version = "1.0.9"
source = { registry = "https://pypi.org/simple" }
dependencies = [
    { name = "certifi" },
    { name = "h11" },
]
sdist = { url = "https://files.pythonhosted.org/packages/06/94/82699a10bca87a5556c9c59b5963f2d039dbd239f25bc2a63907a05a14cb/httpcore-1.0.9.tar.gz", hash = "sha256:6e34463af53fd2ab5d807f399a9b45ea31c3dfa2276f15a2c3f00afff6e176e8", size = 85484, upload-time = "2025-04-24T22:06:22.219Z" }
wheels = [
    { url = "https://files.pythonhosted.org/packages/7e/f5/f66802a942d491edb555dd61e3a9961140fd64c90bce1eafd741609d334d/httpcore-1.0.9-py3-none-any.whl", hash = "sha256:2d400746a40668fc9dec9810239072b40b4484b640a8c38fd654a024c7a1bf55", size = 78784, upload-time = "2025-04-24T22:06:20.566Z" },
]

[[package]]
name = "httpx"
version = "0.28.1"
source = { registry = "https://pypi.org/simple" }
dependencies = [
    { name = "anyio" },
    { name = "certifi" },
    { name = "httpcore" },
    { name = "idna" },
]
sdist = { url = "https://files.pythonhosted.org/packages/b1/df/48c586a5fe32a0f01324ee087459e112ebb7224f646c0b5023f5e79e9956/httpx-0.28.1.tar.gz", hash = "sha256:75e98c5f16b0f35b567856f597f06ff2270a374470a5c2392242528e3e3e42fc", size = 141406, upload-time = "2024-12-06T15:37:23.222Z" }
wheels = [
    { url = "https://files.pythonhosted.org/packages/2a/39/e50c7c3a983047577ee07d2a9e53faf5a69493943ec3f6a384bdc792deb2/httpx-0.28.1-py3-none-any.whl", hash = "sha256:d909fcccc110f8c7faf814ca82a9a4d816bc5a6dbfea25d6591d6985b8ba59ad", size = 73517, upload-time = "2024-12-06T15:37:21.509Z" },
]

[[package]]
name = "idna"
version = "3.13"
source = { registry = "https://pypi.org/simple" }
sdist = { url = "https://files.pythonhosted.org/packages/ce/cc/762dfb036166873f0059f3b7de4565e1b5bc3d6f28a414c13da27e442f99/idna-3.13.tar.gz", hash = "sha256:585ea8fe5d69b9181ec1afba340451fba6ba764af97026f92a91d4eef164a242", size = 194210, upload-time = "2026-04-22T16:42:42.314Z" }
wheels = [
    { url = "https://files.pythonhosted.org/packages/5d/13/ad7d7ca3808a898b4612b6fe93cde56b53f3034dcde235acb1f0e1df24c6/idna-3.13-py3-none-any.whl", hash = "sha256:892ea0cde124a99ce773decba204c5552b69c3c67ffd5f232eb7696135bc8bb3", size = 68629, upload-time = "2026-04-22T16:42:40.909Z" },
]

[[package]]
name = "iniconfig"
version = "2.3.0"
source = { registry = "https://pypi.org/simple" }
sdist = { url = "https://files.pythonhosted.org/packages/72/34/14ca021ce8e5dfedc35312d08ba8bf51fdd999c576889fc2c24cb97f4f10/iniconfig-2.3.0.tar.gz", hash = "sha256:c76315c77db068650d49c5b56314774a7804df16fee4402c1f19d6d15d8c4730", size = 20503, upload-time = "2025-10-18T21:55:43.219Z" }
wheels = [
    { url = "https://files.pythonhosted.org/packages/cb/b1/3846dd7f199d53cb17f49cba7e651e9ce294d8497c8c150530ed11865bb8/iniconfig-2.3.0-py3-none-any.whl", hash = "sha256:f631c04d2c48c52b84d0d0549c99ff3859c98df65b3101406327ecc7d53fbf12", size = 7484, upload-time = "2025-10-18T21:55:41.639Z" },
]

[[package]]
name = "packaging"
version = "26.2"
source = { registry = "https://pypi.org/simple" }
sdist = { url = "https://files.pythonhosted.org/packages/d7/f1/e7a6dd94a8d4a5626c03e4e99c87f241ba9e350cd9e6d75123f992427270/packaging-26.2.tar.gz", hash = "sha256:ff452ff5a3e828ce110190feff1178bb1f2ea2281fa2075aadb987c2fb221661", size = 228134, upload-time = "2026-04-24T20:15:23.917Z" }
wheels = [
    { url = "https://files.pythonhosted.org/packages/df/b2/87e62e8c3e2f4b32e5fe99e0b86d576da1312593b39f47d8ceef365e95ed/packaging-26.2-py3-none-any.whl", hash = "sha256:5fc45236b9446107ff2415ce77c807cee2862cb6fac22b8a73826d0693b0980e", size = 100195, upload-time = "2026-04-24T20:15:22.081Z" },
]

[[package]]
name = "pluggy"
version = "1.6.0"
source = { registry = "https://pypi.org/simple" }
sdist = { url = "https://files.pythonhosted.org/packages/f9/e2/3e91f31a7d2b083fe6ef3fa267035b518369d9511ffab804f839851d2779/pluggy-1.6.0.tar.gz", hash = "sha256:7dcc130b76258d33b90f61b658791dede3486c3e6bfb003ee5c9bfb396dd22f3", size = 69412, upload-time = "2025-05-15T12:30:07.975Z" }
wheels = [
    { url = "https://files.pythonhosted.org/packages/54/20/4d324d65cc6d9205fabedc306948156824eb9f0ee1633355a8f7ec5c66bf/pluggy-1.6.0-py3-none-any.whl", hash = "sha256:e920276dd6813095e9377c0bc5566d94c932c33b27a3e3945d8389c374dd4746", size = 20538, upload-time = "2025-05-15T12:30:06.134Z" },
]

[[package]]
name = "pygments"
version = "2.20.0"
source = { registry = "https://pypi.org/simple" }
sdist = { url = "https://files.pythonhosted.org/packages/c3/b2/bc9c9196916376152d655522fdcebac55e66de6603a76a02bca1b6414f6c/pygments-2.20.0.tar.gz", hash = "sha256:6757cd03768053ff99f3039c1a36d6c0aa0b263438fcab17520b30a303a82b5f", size = 4955991, upload-time = "2026-03-29T13:29:33.898Z" }
wheels = [
    { url = "https://files.pythonhosted.org/packages/f4/7e/a72dd26f3b0f4f2bf1dd8923c85f7ceb43172af56d63c7383eb62b332364/pygments-2.20.0-py3-none-any.whl", hash = "sha256:81a9e26dd42fd28a23a2d169d86d7ac03b46e2f8b59ed4698fb4785f946d0176", size = 1231151, upload-time = "2026-03-29T13:29:30.038Z" },
]

[[package]]
name = "pytest"
version = "9.0.3"
source = { registry = "https://pypi.org/simple" }
dependencies = [
    { name = "colorama", marker = "sys_platform == 'win32'" },
    { name = "iniconfig" },
    { name = "packaging" },
    { name = "pluggy" },
    { name = "pygments" },
]
sdist = { url = "https://files.pythonhosted.org/packages/7d/0d/549bd94f1a0a402dc8cf64563a117c0f3765662e2e668477624baeec44d5/pytest-9.0.3.tar.gz", hash = "sha256:b86ada508af81d19edeb213c681b1d48246c1a91d304c6c81a427674c17eb91c", size = 1572165, upload-time = "2026-04-07T17:16:18.027Z" }
wheels = [
    { url = "https://files.pythonhosted.org/packages/d4/24/a372aaf5c9b7208e7112038812994107bc65a84cd00e0354a88c2c77a617/pytest-9.0.3-py3-none-any.whl", hash = "sha256:2c5efc453d45394fdd706ade797c0a81091eccd1d6e4bccfcd476e2b8e0ab5d9", size = 375249, upload-time = "2026-04-07T17:16:16.13Z" },
]

[[package]]
name = "pytest-mock"
version = "3.15.1"
source = { registry = "https://pypi.org/simple" }
dependencies = [
    { name = "pytest" },
]
sdist = { url = "https://files.pythonhosted.org/packages/68/14/eb014d26be205d38ad5ad20d9a80f7d201472e08167f0bb4361e251084a9/pytest_mock-3.15.1.tar.gz", hash = "sha256:1849a238f6f396da19762269de72cb1814ab44416fa73a8686deac10b0d87a0f", size = 34036, upload-time = "2025-09-16T16:37:27.081Z" }
wheels = [
    { url = "https://files.pythonhosted.org/packages/5a/cc/06253936f4a7fa2e0f48dfe6d851d9c56df896a9ab09ac019d70b760619c/pytest_mock-3.15.1-py3-none-any.whl", hash = "sha256:0a25e2eb88fe5168d535041d09a4529a188176ae608a6d249ee65abc0949630d", size = 10095, upload-time = "2025-09-16T16:37:25.734Z" },
]

[[package]]
name = "pyyaml"
version = "6.0.3"
source = { registry = "https://pypi.org/simple" }
sdist = { url = "https://files.pythonhosted.org/packages/05/8e/961c0007c59b8dd7729d542c61a4d537767a59645b82a0b521206e1e25c2/pyyaml-6.0.3.tar.gz", hash = "sha256:d76623373421df22fb4cf8817020cbb7ef15c725b9d5e45f17e189bfc384190f", size = 130960, upload-time = "2025-09-25T21:33:16.546Z" }
wheels = [
    { url = "https://files.pythonhosted.org/packages/6d/16/a95b6757765b7b031c9374925bb718d55e0a9ba8a1b6a12d25962ea44347/pyyaml-6.0.3-cp311-cp311-macosx_10_13_x86_64.whl", hash = "sha256:44edc647873928551a01e7a563d7452ccdebee747728c1080d881d68af7b997e", size = 185826, upload-time = "2025-09-25T21:31:58.655Z" },
    { url = "https://files.pythonhosted.org/packages/16/19/13de8e4377ed53079ee996e1ab0a9c33ec2faf808a4647b7b4c0d46dd239/pyyaml-6.0.3-cp311-cp311-macosx_11_0_arm64.whl", hash = "sha256:652cb6edd41e718550aad172851962662ff2681490a8a711af6a4d288dd96824", size = 175577, upload-time = "2025-09-25T21:32:00.088Z" },
    { url = "https://files.pythonhosted.org/packages/0c/62/d2eb46264d4b157dae1275b573017abec435397aa59cbcdab6fc978a8af4/pyyaml-6.0.3-cp311-cp311-manylinux2014_aarch64.manylinux_2_17_aarch64.manylinux_2_28_aarch64.whl", hash = "sha256:10892704fc220243f5305762e276552a0395f7beb4dbf9b14ec8fd43b57f126c", size = 775556, upload-time = "2025-09-25T21:32:01.31Z" },
    { url = "https://files.pythonhosted.org/packages/10/cb/16c3f2cf3266edd25aaa00d6c4350381c8b012ed6f5276675b9eba8d9ff4/pyyaml-6.0.3-cp311-cp311-manylinux2014_s390x.manylinux_2_17_s390x.manylinux_2_28_s390x.whl", hash = "sha256:850774a7879607d3a6f50d36d04f00ee69e7fc816450e5f7e58d7f17f1ae5c00", size = 882114, upload-time = "2025-09-25T21:32:03.376Z" },
    { url = "https://files.pythonhosted.org/packages/71/60/917329f640924b18ff085ab889a11c763e0b573da888e8404ff486657602/pyyaml-6.0.3-cp311-cp311-manylinux2014_x86_64.manylinux_2_17_x86_64.manylinux_2_28_x86_64.whl", hash = "sha256:b8bb0864c5a28024fac8a632c443c87c5aa6f215c0b126c449ae1a150412f31d", size = 806638, upload-time = "2025-09-25T21:32:04.553Z" },
    { url = "https://files.pythonhosted.org/packages/dd/6f/529b0f316a9fd167281a6c3826b5583e6192dba792dd55e3203d3f8e655a/pyyaml-6.0.3-cp311-cp311-musllinux_1_2_aarch64.whl", hash = "sha256:1d37d57ad971609cf3c53ba6a7e365e40660e3be0e5175fa9f2365a379d6095a", size = 767463, upload-time = "2025-09-25T21:32:06.152Z" },
    { url = "https://files.pythonhosted.org/packages/f2/6a/b627b4e0c1dd03718543519ffb2f1deea4a1e6d42fbab8021936a4d22589/pyyaml-6.0.3-cp311-cp311-musllinux_1_2_x86_64.whl", hash = "sha256:37503bfbfc9d2c40b344d06b2199cf0e96e97957ab1c1b546fd4f87e53e5d3e4", size = 794986, upload-time = "2025-09-25T21:32:07.367Z" },
    { url = "https://files.pythonhosted.org/packages/45/91/47a6e1c42d9ee337c4839208f30d9f09caa9f720ec7582917b264defc875/pyyaml-6.0.3-cp311-cp311-win32.whl", hash = "sha256:8098f252adfa6c80ab48096053f512f2321f0b998f98150cea9bd23d83e1467b", size = 142543, upload-time = "2025-09-25T21:32:08.95Z" },
    { url = "https://files.pythonhosted.org/packages/da/e3/ea007450a105ae919a72393cb06f122f288ef60bba2dc64b26e2646fa315/pyyaml-6.0.3-cp311-cp311-win_amd64.whl", hash = "sha256:9f3bfb4965eb874431221a3ff3fdcddc7e74e3b07799e0e84ca4a0f867d449bf", size = 158763, upload-time = "2025-09-25T21:32:09.96Z" },
    { url = "https://files.pythonhosted.org/packages/d1/33/422b98d2195232ca1826284a76852ad5a86fe23e31b009c9886b2d0fb8b2/pyyaml-6.0.3-cp312-cp312-macosx_10_13_x86_64.whl", hash = "sha256:7f047e29dcae44602496db43be01ad42fc6f1cc0d8cd6c83d342306c32270196", size = 182063, upload-time = "2025-09-25T21:32:11.445Z" },
    { url = "https://files.pythonhosted.org/packages/89/a0/6cf41a19a1f2f3feab0e9c0b74134aa2ce6849093d5517a0c550fe37a648/pyyaml-6.0.3-cp312-cp312-macosx_11_0_arm64.whl", hash = "sha256:fc09d0aa354569bc501d4e787133afc08552722d3ab34836a80547331bb5d4a0", size = 173973, upload-time = "2025-09-25T21:32:12.492Z" },
    { url = "https://files.pythonhosted.org/packages/ed/23/7a778b6bd0b9a8039df8b1b1d80e2e2ad78aa04171592c8a5c43a56a6af4/pyyaml-6.0.3-cp312-cp312-manylinux2014_aarch64.manylinux_2_17_aarch64.manylinux_2_28_aarch64.whl", hash = "sha256:9149cad251584d5fb4981be1ecde53a1ca46c891a79788c0df828d2f166bda28", size = 775116, upload-time = "2025-09-25T21:32:13.652Z" },
    { url = "https://files.pythonhosted.org/packages/65/30/d7353c338e12baef4ecc1b09e877c1970bd3382789c159b4f89d6a70dc09/pyyaml-6.0.3-cp312-cp312-manylinux2014_s390x.manylinux_2_17_s390x.manylinux_2_28_s390x.whl", hash = "sha256:5fdec68f91a0c6739b380c83b951e2c72ac0197ace422360e6d5a959d8d97b2c", size = 844011, upload-time = "2025-09-25T21:32:15.21Z" },
    { url = "https://files.pythonhosted.org/packages/8b/9d/b3589d3877982d4f2329302ef98a8026e7f4443c765c46cfecc8858c6b4b/pyyaml-6.0.3-cp312-cp312-manylinux2014_x86_64.manylinux_2_17_x86_64.manylinux_2_28_x86_64.whl", hash = "sha256:ba1cc08a7ccde2d2ec775841541641e4548226580ab850948cbfda66a1befcdc", size = 807870, upload-time = "2025-09-25T21:32:16.431Z" },
    { url = "https://files.pythonhosted.org/packages/05/c0/b3be26a015601b822b97d9149ff8cb5ead58c66f981e04fedf4e762f4bd4/pyyaml-6.0.3-cp312-cp312-musllinux_1_2_aarch64.whl", hash = "sha256:8dc52c23056b9ddd46818a57b78404882310fb473d63f17b07d5c40421e47f8e", size = 761089, upload-time = "2025-09-25T21:32:17.56Z" },
    { url = "https://files.pythonhosted.org/packages/be/8e/98435a21d1d4b46590d5459a22d88128103f8da4c2d4cb8f14f2a96504e1/pyyaml-6.0.3-cp312-cp312-musllinux_1_2_x86_64.whl", hash = "sha256:41715c910c881bc081f1e8872880d3c650acf13dfa8214bad49ed4cede7c34ea", size = 790181, upload-time = "2025-09-25T21:32:18.834Z" },
    { url = "https://files.pythonhosted.org/packages/74/93/7baea19427dcfbe1e5a372d81473250b379f04b1bd3c4c5ff825e2327202/pyyaml-6.0.3-cp312-cp312-win32.whl", hash = "sha256:96b533f0e99f6579b3d4d4995707cf36df9100d67e0c8303a0c55b27b5f99bc5", size = 137658, upload-time = "2025-09-25T21:32:20.209Z" },
    { url = "https://files.pythonhosted.org/packages/86/bf/899e81e4cce32febab4fb42bb97dcdf66bc135272882d1987881a4b519e9/pyyaml-6.0.3-cp312-cp312-win_amd64.whl", hash = "sha256:5fcd34e47f6e0b794d17de1b4ff496c00986e1c83f7ab2fb8fcfe9616ff7477b", size = 154003, upload-time = "2025-09-25T21:32:21.167Z" },
    { url = "https://files.pythonhosted.org/packages/1a/08/67bd04656199bbb51dbed1439b7f27601dfb576fb864099c7ef0c3e55531/pyyaml-6.0.3-cp312-cp312-win_arm64.whl", hash = "sha256:64386e5e707d03a7e172c0701abfb7e10f0fb753ee1d773128192742712a98fd", size = 140344, upload-time = "2025-09-25T21:32:22.617Z" },
    { url = "https://files.pythonhosted.org/packages/d1/11/0fd08f8192109f7169db964b5707a2f1e8b745d4e239b784a5a1dd80d1db/pyyaml-6.0.3-cp313-cp313-macosx_10_13_x86_64.whl", hash = "sha256:8da9669d359f02c0b91ccc01cac4a67f16afec0dac22c2ad09f46bee0697eba8", size = 181669, upload-time = "2025-09-25T21:32:23.673Z" },
    { url = "https://files.pythonhosted.org/packages/b1/16/95309993f1d3748cd644e02e38b75d50cbc0d9561d21f390a76242ce073f/pyyaml-6.0.3-cp313-cp313-macosx_11_0_arm64.whl", hash = "sha256:2283a07e2c21a2aa78d9c4442724ec1eb15f5e42a723b99cb3d822d48f5f7ad1", size = 173252, upload-time = "2025-09-25T21:32:25.149Z" },
    { url = "https://files.pythonhosted.org/packages/50/31/b20f376d3f810b9b2371e72ef5adb33879b25edb7a6d072cb7ca0c486398/pyyaml-6.0.3-cp313-cp313-manylinux2014_aarch64.manylinux_2_17_aarch64.manylinux_2_28_aarch64.whl", hash = "sha256:ee2922902c45ae8ccada2c5b501ab86c36525b883eff4255313a253a3160861c", size = 767081, upload-time = "2025-09-25T21:32:26.575Z" },
    { url = "https://files.pythonhosted.org/packages/49/1e/a55ca81e949270d5d4432fbbd19dfea5321eda7c41a849d443dc92fd1ff7/pyyaml-6.0.3-cp313-cp313-manylinux2014_s390x.manylinux_2_17_s390x.manylinux_2_28_s390x.whl", hash = "sha256:a33284e20b78bd4a18c8c2282d549d10bc8408a2a7ff57653c0cf0b9be0afce5", size = 841159, upload-time = "2025-09-25T21:32:27.727Z" },
    { url = "https://files.pythonhosted.org/packages/74/27/e5b8f34d02d9995b80abcef563ea1f8b56d20134d8f4e5e81733b1feceb2/pyyaml-6.0.3-cp313-cp313-manylinux2014_x86_64.manylinux_2_17_x86_64.manylinux_2_28_x86_64.whl", hash = "sha256:0f29edc409a6392443abf94b9cf89ce99889a1dd5376d94316ae5145dfedd5d6", size = 801626, upload-time = "2025-09-25T21:32:28.878Z" },
    { url = "https://files.pythonhosted.org/packages/f9/11/ba845c23988798f40e52ba45f34849aa8a1f2d4af4b798588010792ebad6/pyyaml-6.0.3-cp313-cp313-musllinux_1_2_aarch64.whl", hash = "sha256:f7057c9a337546edc7973c0d3ba84ddcdf0daa14533c2065749c9075001090e6", size = 753613, upload-time = "2025-09-25T21:32:30.178Z" },
    { url = "https://files.pythonhosted.org/packages/3d/e0/7966e1a7bfc0a45bf0a7fb6b98ea03fc9b8d84fa7f2229e9659680b69ee3/pyyaml-6.0.3-cp313-cp313-musllinux_1_2_x86_64.whl", hash = "sha256:eda16858a3cab07b80edaf74336ece1f986ba330fdb8ee0d6c0d68fe82bc96be", size = 794115, upload-time = "2025-09-25T21:32:31.353Z" },
    { url = "https://files.pythonhosted.org/packages/de/94/980b50a6531b3019e45ddeada0626d45fa85cbe22300844a7983285bed3b/pyyaml-6.0.3-cp313-cp313-win32.whl", hash = "sha256:d0eae10f8159e8fdad514efdc92d74fd8d682c933a6dd088030f3834bc8e6b26", size = 137427, upload-time = "2025-09-25T21:32:32.58Z" },
    { url = "https://files.pythonhosted.org/packages/97/c9/39d5b874e8b28845e4ec2202b5da735d0199dbe5b8fb85f91398814a9a46/pyyaml-6.0.3-cp313-cp313-win_amd64.whl", hash = "sha256:79005a0d97d5ddabfeeea4cf676af11e647e41d81c9a7722a193022accdb6b7c", size = 154090, upload-time = "2025-09-25T21:32:33.659Z" },
    { url = "https://files.pythonhosted.org/packages/73/e8/2bdf3ca2090f68bb3d75b44da7bbc71843b19c9f2b9cb9b0f4ab7a5a4329/pyyaml-6.0.3-cp313-cp313-win_arm64.whl", hash = "sha256:5498cd1645aa724a7c71c8f378eb29ebe23da2fc0d7a08071d89469bf1d2defb", size = 140246, upload-time = "2025-09-25T21:32:34.663Z" },
    { url = "https://files.pythonhosted.org/packages/9d/8c/f4bd7f6465179953d3ac9bc44ac1a8a3e6122cf8ada906b4f96c60172d43/pyyaml-6.0.3-cp314-cp314-macosx_10_13_x86_64.whl", hash = "sha256:8d1fab6bb153a416f9aeb4b8763bc0f22a5586065f86f7664fc23339fc1c1fac", size = 181814, upload-time = "2025-09-25T21:32:35.712Z" },
    { url = "https://files.pythonhosted.org/packages/bd/9c/4d95bb87eb2063d20db7b60faa3840c1b18025517ae857371c4dd55a6b3a/pyyaml-6.0.3-cp314-cp314-macosx_11_0_arm64.whl", hash = "sha256:34d5fcd24b8445fadc33f9cf348c1047101756fd760b4dacb5c3e99755703310", size = 173809, upload-time = "2025-09-25T21:32:36.789Z" },
    { url = "https://files.pythonhosted.org/packages/92/b5/47e807c2623074914e29dabd16cbbdd4bf5e9b2db9f8090fa64411fc5382/pyyaml-6.0.3-cp314-cp314-manylinux2014_aarch64.manylinux_2_17_aarch64.manylinux_2_28_aarch64.whl", hash = "sha256:501a031947e3a9025ed4405a168e6ef5ae3126c59f90ce0cd6f2bfc477be31b7", size = 766454, upload-time = "2025-09-25T21:32:37.966Z" },
    { url = "https://files.pythonhosted.org/packages/02/9e/e5e9b168be58564121efb3de6859c452fccde0ab093d8438905899a3a483/pyyaml-6.0.3-cp314-cp314-manylinux2014_s390x.manylinux_2_17_s390x.manylinux_2_28_s390x.whl", hash = "sha256:b3bc83488de33889877a0f2543ade9f70c67d66d9ebb4ac959502e12de895788", size = 836355, upload-time = "2025-09-25T21:32:39.178Z" },
    { url = "https://files.pythonhosted.org/packages/88/f9/16491d7ed2a919954993e48aa941b200f38040928474c9e85ea9e64222c3/pyyaml-6.0.3-cp314-cp314-manylinux2014_x86_64.manylinux_2_17_x86_64.manylinux_2_28_x86_64.whl", hash = "sha256:c458b6d084f9b935061bc36216e8a69a7e293a2f1e68bf956dcd9e6cbcd143f5", size = 794175, upload-time = "2025-09-25T21:32:40.865Z" },
    { url = "https://files.pythonhosted.org/packages/dd/3f/5989debef34dc6397317802b527dbbafb2b4760878a53d4166579111411e/pyyaml-6.0.3-cp314-cp314-musllinux_1_2_aarch64.whl", hash = "sha256:7c6610def4f163542a622a73fb39f534f8c101d690126992300bf3207eab9764", size = 755228, upload-time = "2025-09-25T21:32:42.084Z" },
    { url = "https://files.pythonhosted.org/packages/d7/ce/af88a49043cd2e265be63d083fc75b27b6ed062f5f9fd6cdc223ad62f03e/pyyaml-6.0.3-cp314-cp314-musllinux_1_2_x86_64.whl", hash = "sha256:5190d403f121660ce8d1d2c1bb2ef1bd05b5f68533fc5c2ea899bd15f4399b35", size = 789194, upload-time = "2025-09-25T21:32:43.362Z" },
    { url = "https://files.pythonhosted.org/packages/23/20/bb6982b26a40bb43951265ba29d4c246ef0ff59c9fdcdf0ed04e0687de4d/pyyaml-6.0.3-cp314-cp314-win_amd64.whl", hash = "sha256:4a2e8cebe2ff6ab7d1050ecd59c25d4c8bd7e6f400f5f82b96557ac0abafd0ac", size = 156429, upload-time = "2025-09-25T21:32:57.844Z" },
    { url = "https://files.pythonhosted.org/packages/f4/f4/a4541072bb9422c8a883ab55255f918fa378ecf083f5b85e87fc2b4eda1b/pyyaml-6.0.3-cp314-cp314-win_arm64.whl", hash = "sha256:93dda82c9c22deb0a405ea4dc5f2d0cda384168e466364dec6255b293923b2f3", size = 143912, upload-time = "2025-09-25T21:32:59.247Z" },
    { url = "https://files.pythonhosted.org/packages/7c/f9/07dd09ae774e4616edf6cda684ee78f97777bdd15847253637a6f052a62f/pyyaml-6.0.3-cp314-cp314t-macosx_10_13_x86_64.whl", hash = "sha256:02893d100e99e03eda1c8fd5c441d8c60103fd175728e23e431db1b589cf5ab3", size = 189108, upload-time = "2025-09-25T21:32:44.377Z" },
    { url = "https://files.pythonhosted.org/packages/4e/78/8d08c9fb7ce09ad8c38ad533c1191cf27f7ae1effe5bb9400a46d9437fcf/pyyaml-6.0.3-cp314-cp314t-macosx_11_0_arm64.whl", hash = "sha256:c1ff362665ae507275af2853520967820d9124984e0f7466736aea23d8611fba", size = 183641, upload-time = "2025-09-25T21:32:45.407Z" },
    { url = "https://files.pythonhosted.org/packages/7b/5b/3babb19104a46945cf816d047db2788bcaf8c94527a805610b0289a01c6b/pyyaml-6.0.3-cp314-cp314t-manylinux2014_aarch64.manylinux_2_17_aarch64.manylinux_2_28_aarch64.whl", hash = "sha256:6adc77889b628398debc7b65c073bcb99c4a0237b248cacaf3fe8a557563ef6c", size = 831901, upload-time = "2025-09-25T21:32:48.83Z" },
    { url = "https://files.pythonhosted.org/packages/8b/cc/dff0684d8dc44da4d22a13f35f073d558c268780ce3c6ba1b87055bb0b87/pyyaml-6.0.3-cp314-cp314t-manylinux2014_s390x.manylinux_2_17_s390x.manylinux_2_28_s390x.whl", hash = "sha256:a80cb027f6b349846a3bf6d73b5e95e782175e52f22108cfa17876aaeff93702", size = 861132, upload-time = "2025-09-25T21:32:50.149Z" },
    { url = "https://files.pythonhosted.org/packages/b1/5e/f77dc6b9036943e285ba76b49e118d9ea929885becb0a29ba8a7c75e29fe/pyyaml-6.0.3-cp314-cp314t-manylinux2014_x86_64.manylinux_2_17_x86_64.manylinux_2_28_x86_64.whl", hash = "sha256:00c4bdeba853cc34e7dd471f16b4114f4162dc03e6b7afcc2128711f0eca823c", size = 839261, upload-time = "2025-09-25T21:32:51.808Z" },
    { url = "https://files.pythonhosted.org/packages/ce/88/a9db1376aa2a228197c58b37302f284b5617f56a5d959fd1763fb1675ce6/pyyaml-6.0.3-cp314-cp314t-musllinux_1_2_aarch64.whl", hash = "sha256:66e1674c3ef6f541c35191caae2d429b967b99e02040f5ba928632d9a7f0f065", size = 805272, upload-time = "2025-09-25T21:32:52.941Z" },
    { url = "https://files.pythonhosted.org/packages/da/92/1446574745d74df0c92e6aa4a7b0b3130706a4142b2d1a5869f2eaa423c6/pyyaml-6.0.3-cp314-cp314t-musllinux_1_2_x86_64.whl", hash = "sha256:16249ee61e95f858e83976573de0f5b2893b3677ba71c9dd36b9cf8be9ac6d65", size = 829923, upload-time = "2025-09-25T21:32:54.537Z" },
    { url = "https://files.pythonhosted.org/packages/f0/7a/1c7270340330e575b92f397352af856a8c06f230aa3e76f86b39d01b416a/pyyaml-6.0.3-cp314-cp314t-win_amd64.whl", hash = "sha256:4ad1906908f2f5ae4e5a8ddfce73c320c2a1429ec52eafd27138b7f1cbe341c9", size = 174062, upload-time = "2025-09-25T21:32:55.767Z" },
    { url = "https://files.pythonhosted.org/packages/f1/12/de94a39c2ef588c7e6455cfbe7343d3b2dc9d6b6b2f40c4c6565744c873d/pyyaml-6.0.3-cp314-cp314t-win_arm64.whl", hash = "sha256:ebc55a14a21cb14062aa4162f906cd962b28e2e9ea38f9b4391244cd8de4ae0b", size = 149341, upload-time = "2025-09-25T21:32:56.828Z" },
]

[[package]]
name = "sand-hill-vcs"
version = "0.1.0"
source = { virtual = "." }
dependencies = [
    { name = "httpx" },
    { name = "pyyaml" },
    { name = "selectolax" },
]

[package.dev-dependencies]
dev = [
    { name = "pytest" },
    { name = "pytest-mock" },
]

[package.metadata]
requires-dist = [
    { name = "httpx", specifier = ">=0.27" },
    { name = "pyyaml", specifier = ">=6.0" },
    { name = "selectolax", specifier = ">=0.3.21" },
]

[package.metadata.requires-dev]
dev = [
    { name = "pytest", specifier = ">=8.0" },
    { name = "pytest-mock", specifier = ">=3.12" },
]

[[package]]
name = "selectolax"
version = "0.4.8"
source = { registry = "https://pypi.org/simple" }
sdist = { url = "https://files.pythonhosted.org/packages/b3/1a/ce7768c1bff5cf07e3e12f904d54a63c3f85f78e3b299c0b561839d0238e/selectolax-0.4.8.tar.gz", hash = "sha256:cd703165b9a346be255e2ca5b4219e01009911977ac8a474d8ccb7e32e9a4fae", size = 4875521, upload-time = "2026-05-04T15:10:44.935Z" }
wheels = [
    { url = "https://files.pythonhosted.org/packages/1e/d8/fd9c0dc417b0e131153925af812be188f6e29139998bddfe3f9f5b275733/selectolax-0.4.8-cp311-cp311-macosx_10_9_x86_64.whl", hash = "sha256:e334eb5d1a8ed41c539d5fbc170bfbecbaa5312c6f3358cb36b606565f748a8c", size = 2211435, upload-time = "2026-05-04T15:09:03.826Z" },
    { url = "https://files.pythonhosted.org/packages/82/74/d2c2a2448d7355fedcf24583ab9c3083bf0dbd13fb9bad98a166517ac65f/selectolax-0.4.8-cp311-cp311-macosx_11_0_arm64.whl", hash = "sha256:241b99d10ebf1df8b7b57fd90a3479abfd987ef04acb6253c4d3571b570346c9", size = 2262297, upload-time = "2026-05-04T15:09:05.426Z" },
    { url = "https://files.pythonhosted.org/packages/62/fc/25939114a8706a8b17b066c594da929fbb9dcdee1fd2bb078befa5ebf2f2/selectolax-0.4.8-cp311-cp311-manylinux2014_aarch64.manylinux_2_17_aarch64.manylinux_2_28_aarch64.whl", hash = "sha256:1269dcb740b7a1eaefabce6b189324a5bd9c93a39b25b54a888b4ea0cf10290d", size = 2342920, upload-time = "2026-05-04T15:09:07.043Z" },
    { url = "https://files.pythonhosted.org/packages/63/bb/3d3e0a9350a81f3cf38e0bf69c4ad0c17e2f4bfe142c98202294fe0cfa92/selectolax-0.4.8-cp311-cp311-manylinux2014_x86_64.manylinux_2_17_x86_64.manylinux_2_28_x86_64.whl", hash = "sha256:f8414beca1e821cd260d94c8fe687f9a8ae4ef765e2b4710d8bd233ec32cde26", size = 2393930, upload-time = "2026-05-04T15:09:09.088Z" },
    { url = "https://files.pythonhosted.org/packages/af/8a/a955323a52cbae720e515bb7c3b4042c506b28fedf79a25501a0750d8140/selectolax-0.4.8-cp311-cp311-musllinux_1_2_aarch64.whl", hash = "sha256:dbaac0b708e539358343305534be59cc47875f2b62b50b33af50f5a1ecf7bff2", size = 2347656, upload-time = "2026-05-04T15:09:11.128Z" },
    { url = "https://files.pythonhosted.org/packages/7f/c5/b141cd0f136a6a41d945869d27e303a96ee76e2feb70045b70754949dd65/selectolax-0.4.8-cp311-cp311-musllinux_1_2_x86_64.whl", hash = "sha256:dc2781ef2a6ac8aeed10f729aaafff056053e2430e0effa291a8cc74fdf2fdee", size = 2403976, upload-time = "2026-05-04T15:09:13.031Z" },
    { url = "https://files.pythonhosted.org/packages/40/a4/fb9830ab5973c957f28d651968d3d2e32729bb4e6e43cb313bd2c7b7a035/selectolax-0.4.8-cp311-cp311-win32.whl", hash = "sha256:ed66d2531b58ff7117c84f8d6d62d2d0d8a426f04d10ca45bd3744c7af71acd1", size = 1763669, upload-time = "2026-05-04T15:09:14.601Z" },
    { url = "https://files.pythonhosted.org/packages/74/c4/b8fadb6d43b7c1de1a703f4b064fb9eee65a8342bec0605cc65e02c68fdd/selectolax-0.4.8-cp311-cp311-win_amd64.whl", hash = "sha256:f96959cecb10e70fd93e89e2c4522cfa671f5443427f4ccc12285604b6239c85", size = 1859140, upload-time = "2026-05-04T15:09:16.511Z" },
    { url = "https://files.pythonhosted.org/packages/06/60/2c38d657b6fcdbdb42eb0e37c87fc328f517c6890d6eb196cdb69ab32355/selectolax-0.4.8-cp311-cp311-win_arm64.whl", hash = "sha256:787370345153cde7cd65f2271a00d7608b77993e1951f2f941a3c2ef92b942e0", size = 1811847, upload-time = "2026-05-04T15:09:18.095Z" },
    { url = "https://files.pythonhosted.org/packages/12/3c/9cf255f11d04cf203b61f5a85fb273bc85778c3ab5d2ad98ce892f7df3b4/selectolax-0.4.8-cp312-cp312-macosx_10_13_x86_64.whl", hash = "sha256:bbcd4cb837dec4b16a3ab6a8b2ec4388ea20c050092b68536dc9a60ce8f19b56", size = 2236812, upload-time = "2026-05-04T15:09:20.193Z" },
    { url = "https://files.pythonhosted.org/packages/9c/6b/4c343f767fa61131fc03b3de278dfcff024485996d7d6c917b55b0f9ce16/selectolax-0.4.8-cp312-cp312-macosx_11_0_arm64.whl", hash = "sha256:f1cdcf946dd46e11640ca0a0361945c3ed65627ba4bd219ccf84a53fab28c072", size = 2287194, upload-time = "2026-05-04T15:09:22.15Z" },
    { url = "https://files.pythonhosted.org/packages/9f/7d/5a47a0d102709297b6b09473a58c7e9727955a0d6e0c8eba9b27574e3680/selectolax-0.4.8-cp312-cp312-manylinux2014_aarch64.manylinux_2_17_aarch64.manylinux_2_28_aarch64.whl", hash = "sha256:074254670a8a00b36202ab0cd99ce8fb2a25b3b2f10072891a35a6a85c53f679", size = 2369192, upload-time = "2026-05-04T15:09:23.768Z" },
    { url = "https://files.pythonhosted.org/packages/e9/81/48b5cfa5b2803379855050310c876a6f68b7e53598f9252e5bb3fb911ff0/selectolax-0.4.8-cp312-cp312-manylinux2014_x86_64.manylinux_2_17_x86_64.manylinux_2_28_x86_64.whl", hash = "sha256:0bbd33d348a555b37d5f922c421338db690500e5b579353ffa24e3bd23a04704", size = 2415401, upload-time = "2026-05-04T15:09:25.349Z" },
    { url = "https://files.pythonhosted.org/packages/46/92/cf0ffe4668af87f2071253ad43cccf73ac6bc6324c13fefe38fdb198d54b/selectolax-0.4.8-cp312-cp312-musllinux_1_2_aarch64.whl", hash = "sha256:c0cf863f652ed6de58c9f3599173be70064827807f46ddd38ad82b185fead322", size = 2373885, upload-time = "2026-05-04T15:09:26.889Z" },
    { url = "https://files.pythonhosted.org/packages/6a/0f/4de417c1bbc44c31453ac0582f578ddfdf4f4e29d55d451e4435cef7f4eb/selectolax-0.4.8-cp312-cp312-musllinux_1_2_x86_64.whl", hash = "sha256:ca2e1a9a06d1b1a7549d2828240f1888a172b60720baf8a2cb90936482d8b6b4", size = 2437684, upload-time = "2026-05-04T15:09:28.544Z" },
    { url = "https://files.pythonhosted.org/packages/6e/e4/a465e3d7b641b7693c36a20401c1cd924bd9038dfbee195c11087de08aae/selectolax-0.4.8-cp312-cp312-win32.whl", hash = "sha256:b812691bbdf7c958b29956138917bd46cd78b96f2d4f51f56063f584f0d6c476", size = 1759388, upload-time = "2026-05-04T15:09:30.679Z" },
    { url = "https://files.pythonhosted.org/packages/ac/c0/b7e681cf829f58be0927b10d606ec96126e3d863b11c4ba6cabb701a1b32/selectolax-0.4.8-cp312-cp312-win_amd64.whl", hash = "sha256:877df05c9fb306ed6b4d094cbd655ad8e89ea4744d3597eb1e5217c7f71d4ea4", size = 1855778, upload-time = "2026-05-04T15:09:32.284Z" },
    { url = "https://files.pythonhosted.org/packages/2d/85/9b64306821eb38fb84510e43bd5e8685fbf179ce5717496522fdf208573c/selectolax-0.4.8-cp312-cp312-win_arm64.whl", hash = "sha256:52db6be936a0f0648d9d8acbfdf16d4c5a16600cfc31db1b557b0effd8b164ce", size = 1805553, upload-time = "2026-05-04T15:09:33.897Z" },
    { url = "https://files.pythonhosted.org/packages/3d/fb/678ea1250811a4b42686c506df43d3c752ce2158dc66fd4f60c39d4ae1d6/selectolax-0.4.8-cp313-cp313-macosx_10_13_x86_64.whl", hash = "sha256:fb2c4bed19e0c3e34b877b6df607150725d84a38dda32bccb030d8744078eda6", size = 2236220, upload-time = "2026-05-04T15:09:35.841Z" },
    { url = "https://files.pythonhosted.org/packages/3e/fe/1624eb5024e897bf4074bfc31f9e5e823160aed1ac14e7720e849a3d1109/selectolax-0.4.8-cp313-cp313-macosx_11_0_arm64.whl", hash = "sha256:1a2d83e04bf0a9f0a8c9a6a7989df1844acc2242025f26293c1e12ce82b4a3f9", size = 2286820, upload-time = "2026-05-04T15:09:37.448Z" },
    { url = "https://files.pythonhosted.org/packages/10/ac/f0d4e4061de679f5f3d1858f50d31b09935fa97c05f8a2b2e46c344c74a8/selectolax-0.4.8-cp313-cp313-manylinux2014_aarch64.manylinux_2_17_aarch64.manylinux_2_28_aarch64.whl", hash = "sha256:8513c179ec9758d9bbc43a9e7e58fecfcfc1ec88e9100ed592cce2703c316b63", size = 2368949, upload-time = "2026-05-04T15:09:39.26Z" },
    { url = "https://files.pythonhosted.org/packages/ec/2d/2ba76651c93907b2c3c0005d4745df94493e29bd15cfb9edd7c0e6a7a4d9/selectolax-0.4.8-cp313-cp313-manylinux2014_x86_64.manylinux_2_17_x86_64.manylinux_2_28_x86_64.whl", hash = "sha256:4b6225fd6b5bec6be59bc07aeee17f50448c9b4769531afaa079c74650ebd2c5", size = 2415032, upload-time = "2026-05-04T15:09:40.93Z" },
    { url = "https://files.pythonhosted.org/packages/b8/08/a20f9ef0213b8f33c5164781e8cc18eeb059779ed8b4051df39cbfde3d50/selectolax-0.4.8-cp313-cp313-musllinux_1_2_aarch64.whl", hash = "sha256:899b62117147fd804b43822e7af0c422730c6743b27b20b233c4896363b1e655", size = 2373656, upload-time = "2026-05-04T15:09:42.862Z" },
    { url = "https://files.pythonhosted.org/packages/9c/8d/ba692cc70aa45feb55d8241e05f8b8bde97ed4c7d5b4d83b148d1f6ebc43/selectolax-0.4.8-cp313-cp313-musllinux_1_2_x86_64.whl", hash = "sha256:573b67610d2876b67707eaaad71d28da5a0d4ce72ab4880a68abeacdbdd825b1", size = 2437386, upload-time = "2026-05-04T15:09:45.27Z" },
    { url = "https://files.pythonhosted.org/packages/1c/cb/771e3e7ad7ef51ddafecf7b80e92421113cc4026fb951740009633d34d1d/selectolax-0.4.8-cp313-cp313-win32.whl", hash = "sha256:69cf8b1edbc2f6e401a1be0a2fc6eb1ea05679446053724a3ac399abea1e98d3", size = 1759310, upload-time = "2026-05-04T15:09:47.103Z" },
    { url = "https://files.pythonhosted.org/packages/4c/4d/6635f0ba2d0f456f5f5ded29691fab431da94ae8403b88379da730337971/selectolax-0.4.8-cp313-cp313-win_amd64.whl", hash = "sha256:e57a2c314b339ffd6da899bf7d37a3d850aa03b8bcbcbb25d183fdae4525ad6d", size = 1856663, upload-time = "2026-05-04T15:09:49.247Z" },
    { url = "https://files.pythonhosted.org/packages/c5/2d/a9adae174d3b6e83eda10854e3921f298a2764f604bb6b8bea68461cb003/selectolax-0.4.8-cp313-cp313-win_arm64.whl", hash = "sha256:9a593eaf1a6686b559e3f65f20d21c592933cf6c18a0a042a9f46d96a88f54d3", size = 1805441, upload-time = "2026-05-04T15:09:51.3Z" },
    { url = "https://files.pythonhosted.org/packages/25/60/d1a14de44725277d91111931d785edc8387de1e95fe0987766b1e73a899e/selectolax-0.4.8-cp314-cp314-macosx_10_13_x86_64.whl", hash = "sha256:412d8c3203d294a36bed5b01942d8f81724a6731458e257b0153f2f4425e3da9", size = 2252331, upload-time = "2026-05-04T15:09:52.934Z" },
    { url = "https://files.pythonhosted.org/packages/4e/79/2455aab4dc66a7f6c49af5dda759eca3bdbd20f2fa4193eb1daf32abc93e/selectolax-0.4.8-cp314-cp314-macosx_11_0_arm64.whl", hash = "sha256:45e02ed68d9888828edae568c17ebd055f265221c2784329ed63078283c4e0ea", size = 2304020, upload-time = "2026-05-04T15:09:55.309Z" },
    { url = "https://files.pythonhosted.org/packages/04/81/ae320006cb5f327926d7888fabdec3181c1a4dbb6218ebe05f10f204fdd0/selectolax-0.4.8-cp314-cp314-manylinux2014_aarch64.manylinux_2_17_aarch64.manylinux_2_28_aarch64.whl", hash = "sha256:4f7aa77dec4a04b8b63aeaa505c168ac2597df2be426783ede8d74d56e925b48", size = 2368262, upload-time = "2026-05-04T15:09:57.231Z" },
    { url = "https://files.pythonhosted.org/packages/7e/b4/cf8c860906aeeb074a0babe070d399416b9ec80c1029e1ed187aed443936/selectolax-0.4.8-cp314-cp314-manylinux2014_x86_64.manylinux_2_17_x86_64.manylinux_2_28_x86_64.whl", hash = "sha256:4fab78f7cab55c06a1a994f522adb5b4c5302aaacac60bdca7de1f8eaacaa9f9", size = 2414392, upload-time = "2026-05-04T15:09:58.889Z" },
    { url = "https://files.pythonhosted.org/packages/81/fc/ab5f27398bfa65d49e92b5846e0ed4bb92c45c5cfe759d3c14ba47845085/selectolax-0.4.8-cp314-cp314-musllinux_1_2_aarch64.whl", hash = "sha256:7923f90a5d51325cde8b47e41aa71a0f81429afb85d26966369389c5eaf99c6e", size = 2390375, upload-time = "2026-05-04T15:10:01.06Z" },
    { url = "https://files.pythonhosted.org/packages/1c/3d/0045463e7b8e9229a422507aac28fa71fa5cf548c1410f47f1337fe54bdc/selectolax-0.4.8-cp314-cp314-musllinux_1_2_x86_64.whl", hash = "sha256:7af017e28bcdcea1d7aaeab329f78515fab3becf30c4c9408e0c9b8303be1393", size = 2454560, upload-time = "2026-05-04T15:10:03.135Z" },
    { url = "https://files.pythonhosted.org/packages/2d/9c/628723b10aece08f963b8d38473433df66986b419c9789d130cae9ff61dd/selectolax-0.4.8-cp314-cp314-win32.whl", hash = "sha256:40f6de3a820983c1f3feacb60351677b69d0c829b63aa11c7bd4811bcbcb8f42", size = 1870694, upload-time = "2026-05-04T15:10:04.912Z" },
    { url = "https://files.pythonhosted.org/packages/34/e4/2d111f68cbd2ed1270d37b2fe23f9dbd2059cfa80f492ee19b3ad3b641b4/selectolax-0.4.8-cp314-cp314-win_amd64.whl", hash = "sha256:ce6668c260ada8880106f6d37cd073b53ac3342f04b8a771dacb6ea68d953285", size = 1965854, upload-time = "2026-05-04T15:10:06.513Z" },
    { url = "https://files.pythonhosted.org/packages/63/a5/f0042a20e4ca914e66d2f513491bfc92d907ead59d3a63c6e56e6130b006/selectolax-0.4.8-cp314-cp314-win_arm64.whl", hash = "sha256:5125e171b16bbbdb76ea36140c165f183b1e99fe4170eb9b79a7141090bba51c", size = 1914520, upload-time = "2026-05-04T15:10:08.223Z" },
    { url = "https://files.pythonhosted.org/packages/b3/3b/5d0087a277802a0054073d67919e560de3fada54497762f065ea5e54b0cb/selectolax-0.4.8-cp314-cp314t-macosx_10_13_x86_64.whl", hash = "sha256:bc041e2554c4cce221401bbde42177a99670fdba8a60448f0ae65731fc08a0b5", size = 2266985, upload-time = "2026-05-04T15:10:10.405Z" },
    { url = "https://files.pythonhosted.org/packages/b0/07/1c398f0040f21897945d6a750dbc49bf1e0190f57490ba631bda4a421e86/selectolax-0.4.8-cp314-cp314t-macosx_11_0_arm64.whl", hash = "sha256:957fd757b0491e29f96235cb5ce0a46b8cdc8cce41f5032805387311d2504677", size = 2314767, upload-time = "2026-05-04T15:10:12.239Z" },
    { url = "https://files.pythonhosted.org/packages/dc/00/4ef2186699d1097f7275eade50cc27d41a1ecb8311b8d46c185e5266dd9d/selectolax-0.4.8-cp314-cp314t-manylinux2014_aarch64.manylinux_2_17_aarch64.manylinux_2_28_aarch64.whl", hash = "sha256:d001ceff303937e0d05ecba4c1a8d39ea04840a653ccaecf59446667c16f65bc", size = 2374250, upload-time = "2026-05-04T15:10:13.988Z" },
    { url = "https://files.pythonhosted.org/packages/9f/01/bb5fe5a69997282764174d4fdd0246d6ceb269c03806f07ad454d3fdc07c/selectolax-0.4.8-cp314-cp314t-manylinux2014_x86_64.manylinux_2_17_x86_64.manylinux_2_28_x86_64.whl", hash = "sha256:9f293e28183b329bed738918d18cd35966add6600bad2f3431470ffa18c0639e", size = 2425296, upload-time = "2026-05-04T15:10:16.493Z" },
    { url = "https://files.pythonhosted.org/packages/b3/d3/5114524c7480c6f55791ef7ab82a4a923b0367553bc9f39541ed8b392117/selectolax-0.4.8-cp314-cp314t-musllinux_1_2_aarch64.whl", hash = "sha256:3972b884caa78abf3710a0e7723dc705974dbdaef46d98a05e47c68493d86922", size = 2401425, upload-time = "2026-05-04T15:10:18.261Z" },
    { url = "https://files.pythonhosted.org/packages/59/8d/e51946644e5abbe53d08634ac2251f73132d290116a9d349ec5d381c8ba0/selectolax-0.4.8-cp314-cp314t-musllinux_1_2_x86_64.whl", hash = "sha256:a6aacac9d106a2c992b817b5c1d4a1aa2e825403a5c1354386657968fa4b9b15", size = 2462447, upload-time = "2026-05-04T15:10:20.026Z" },
    { url = "https://files.pythonhosted.org/packages/9b/54/2250ce95c2b4f47f43b5fb9a156db823faffe1623c95e42137c738234573/selectolax-0.4.8-cp314-cp314t-win32.whl", hash = "sha256:ccfb2d172db96401a8d4ebc2dc12f4f4f20208597f5e6510d3f6bdc5a49c46b5", size = 1919388, upload-time = "2026-05-04T15:10:22.17Z" },
    { url = "https://files.pythonhosted.org/packages/3a/8e/4e576a67fdd3a44d76418a196b7850890af8ef254efbca3eabef1b70fad5/selectolax-0.4.8-cp314-cp314t-win_amd64.whl", hash = "sha256:5c34fd9a29a430c1f8800d94e7a2c4fd0b1aef10485b0871fbae914cde232c41", size = 2036030, upload-time = "2026-05-04T15:10:23.775Z" },
    { url = "https://files.pythonhosted.org/packages/31/58/1e080cf00d7c4712e6411cd9cd3c927ec6ad4adf25d280a73ef38aeeb68a/selectolax-0.4.8-cp314-cp314t-win_arm64.whl", hash = "sha256:136dfad919728023fcd13fc773a1c488204fb0efd9c1f9baf7bd815fbb35eec3", size = 1939289, upload-time = "2026-05-04T15:10:25.481Z" },
]

[[package]]
name = "typing-extensions"
version = "4.15.0"
source = { registry = "https://pypi.org/simple" }
sdist = { url = "https://files.pythonhosted.org/packages/72/94/1a15dd82efb362ac84269196e94cf00f187f7ed21c242792a923cdb1c61f/typing_extensions-4.15.0.tar.gz", hash = "sha256:0cea48d173cc12fa28ecabc3b837ea3cf6f38c6d1136f85cbaaf598984861466", size = 109391, upload-time = "2025-08-25T13:49:26.313Z" }
wheels = [
    { url = "https://files.pythonhosted.org/packages/18/67/36e9267722cc04a6b9f15c7f3441c2363321a3ea07da7ae0c0707beb2a9c/typing_extensions-4.15.0-py3-none-any.whl", hash = "sha256:f0fa19c6845758ab08074a0cfa8b7aecb71c999ca73d62883bc25cc018c4e548", size = 44614, upload-time = "2025-08-25T13:49:24.86Z" },
]
